// !$*UTF8*$!
{
	archiveVersion = 1;
	classes = {
	};
	objectVersion = 51;
	objects = {

/* Begin PBXBuildFile section */
		82C7DAB920A2DB2294E13609 /* Pods_UtilityConverter_iOS.framework in Frameworks */ = {isa = PBXBuildFile; fileRef = 5E2C7BBBBB7E2EDF860AB30F /* Pods_UtilityConverter_iOS.framework */; };
		AC12583225E4363F00ECD058 /* Temperature.swift in Sources */ = {isa = PBXBuildFile; fileRef = AC12583125E4363F00ECD058 /* Temperature.swift */; };
		AC12583525E437CF00ECD058 /* Volume.swift in Sources */ = {isa = PBXBuildFile; fileRef = AC12583425E437CF00ECD058 /* Volume.swift */; };
		AC12583825E4385300ECD058 /* Length.swift in Sources */ = {isa = PBXBuildFile; fileRef = AC12583725E4385300ECD058 /* Length.swift */; };
		AC12583B25E442D700ECD058 /* Speed.swift in Sources */ = {isa = PBXBuildFile; fileRef = AC12583A25E442D700ECD058 /* Speed.swift */; };
		AC15934525D96894007558C4 /* MainTBC.swift in Sources */ = {isa = PBXBuildFile; fileRef = AC15934425D96894007558C4 /* MainTBC.swift */; };
		AC15934A25D97237007558C4 /* HistoryVC.swift in Sources */ = {isa = PBXBuildFile; fileRef = AC15934925D97237007558C4 /* HistoryVC.swift */; };
		AC15934E25D97250007558C4 /* HistoryVM.swift in Sources */ = {isa = PBXBuildFile; fileRef = AC15934D25D97250007558C4 /* HistoryVM.swift */; };
		AC15935125D97269007558C4 /* HistoryTVC.swift in Sources */ = {isa = PBXBuildFile; fileRef = AC15935025D97269007558C4 /* HistoryTVC.swift */; };
		AC48A55425E232490043A00A /* Weight.swift in Sources */ = {isa = PBXBuildFile; fileRef = AC48A55325E232490043A00A /* Weight.swift */; };
		AC868C9425E30BED0095691A /* Conversion.storyboard in Resources */ = {isa = PBXBuildFile; fileRef = AC947D0225DFBCCD00E5F5DE /* Conversion.storyboard */; };
		AC868C9725E30C000095691A /* UITextField+CustomKeyBoard.swift in Sources */ = {isa = PBXBuildFile; fileRef = AC868C9025E30B780095691A /* UITextField+CustomKeyBoard.swift */; };
		AC868C9A25E30E170095691A /* WeightVC.swift in Sources */ = {isa = PBXBuildFile; fileRef = ACB171B225E030AF001FC1DC /* WeightVC.swift */; };
		ACA29CB425ED7CF9004E55B2 /* Extensions.swift in Sources */ = {isa = PBXBuildFile; fileRef = ACA29CB325ED7CF9004E55B2 /* Extensions.swift */; };
		ACA29CB725ED7D67004E55B2 /* UIColor+Color.swift in Sources */ = {isa = PBXBuildFile; fileRef = ACA29CB625ED7D67004E55B2 /* UIColor+Color.swift */; };
		ACB1719725E003F2001FC1DC /* OpenSans-SemiBold.ttf in Resources */ = {isa = PBXBuildFile; fileRef = ACB1718C25E003F2001FC1DC /* OpenSans-SemiBold.ttf */; };
		ACB1719825E003F2001FC1DC /* OpenSans-Light.ttf in Resources */ = {isa = PBXBuildFile; fileRef = ACB1718D25E003F2001FC1DC /* OpenSans-Light.ttf */; };
		ACB1719925E003F2001FC1DC /* OpenSans-Italic.ttf in Resources */ = {isa = PBXBuildFile; fileRef = ACB1718E25E003F2001FC1DC /* OpenSans-Italic.ttf */; };
		ACB1719A25E003F2001FC1DC /* OpenSans-ExtraBold.ttf in Resources */ = {isa = PBXBuildFile; fileRef = ACB1718F25E003F2001FC1DC /* OpenSans-ExtraBold.ttf */; };
		ACB1719B25E003F2001FC1DC /* OpenSans-LightItalic.ttf in Resources */ = {isa = PBXBuildFile; fileRef = ACB1719025E003F2001FC1DC /* OpenSans-LightItalic.ttf */; };
		ACB1719C25E003F2001FC1DC /* OpenSans-Bold.ttf in Resources */ = {isa = PBXBuildFile; fileRef = ACB1719125E003F2001FC1DC /* OpenSans-Bold.ttf */; };
		ACB1719D25E003F2001FC1DC /* OpenSans-SemiBoldItalic.ttf in Resources */ = {isa = PBXBuildFile; fileRef = ACB1719225E003F2001FC1DC /* OpenSans-SemiBoldItalic.ttf */; };
		ACB1719E25E003F2001FC1DC /* OpenSans-ExtraBoldItalic.ttf in Resources */ = {isa = PBXBuildFile; fileRef = ACB1719325E003F2001FC1DC /* OpenSans-ExtraBoldItalic.ttf */; };
		ACB1719F25E003F2001FC1DC /* LICENSE.txt in Resources */ = {isa = PBXBuildFile; fileRef = ACB1719425E003F2001FC1DC /* LICENSE.txt */; };
		ACB171A025E003F2001FC1DC /* OpenSans-Regular.ttf in Resources */ = {isa = PBXBuildFile; fileRef = ACB1719525E003F2001FC1DC /* OpenSans-Regular.ttf */; };
		ACB171A125E003F2001FC1DC /* OpenSans-BoldItalic.ttf in Resources */ = {isa = PBXBuildFile; fileRef = ACB1719625E003F2001FC1DC /* OpenSans-BoldItalic.ttf */; };
		ACB171A425E004AC001FC1DC /* Utility.storyboard in Resources */ = {isa = PBXBuildFile; fileRef = ACB171A325E004AC001FC1DC /* Utility.storyboard */; };
		ACB171A925E02B03001FC1DC /* Localizator.swift in Sources */ = {isa = PBXBuildFile; fileRef = ACB171A825E02B03001FC1DC /* Localizator.swift */; };
		ACB171B725E030BE001FC1DC /* WeightVM.swift in Sources */ = {isa = PBXBuildFile; fileRef = ACB171B625E030BE001FC1DC /* WeightVM.swift */; };
		ACB171BA25E030D8001FC1DC /* TemperatureVC.swift in Sources */ = {isa = PBXBuildFile; fileRef = ACB171B925E030D8001FC1DC /* TemperatureVC.swift */; };
		ACB171BD25E030E6001FC1DC /* TemperatureVM.swift in Sources */ = {isa = PBXBuildFile; fileRef = ACB171BC25E030E6001FC1DC /* TemperatureVM.swift */; };
		ACB171C025E03154001FC1DC /* LengthVC.swift in Sources */ = {isa = PBXBuildFile; fileRef = ACB171BF25E03154001FC1DC /* LengthVC.swift */; };
		ACB171C325E03163001FC1DC /* LengthVM.swift in Sources */ = {isa = PBXBuildFile; fileRef = ACB171C225E03163001FC1DC /* LengthVM.swift */; };
		ACB171C625E03177001FC1DC /* SpeedVC.swift in Sources */ = {isa = PBXBuildFile; fileRef = ACB171C525E03177001FC1DC /* SpeedVC.swift */; };
		ACB171C925E03185001FC1DC /* SpeedVM.swift in Sources */ = {isa = PBXBuildFile; fileRef = ACB171C825E03185001FC1DC /* SpeedVM.swift */; };
		ACB171CC25E031A2001FC1DC /* VolumeLiquidVC.swift in Sources */ = {isa = PBXBuildFile; fileRef = ACB171CB25E031A2001FC1DC /* VolumeLiquidVC.swift */; };
		ACB171CF25E031AE001FC1DC /* VolumeLiquidVM.swift in Sources */ = {isa = PBXBuildFile; fileRef = ACB171CE25E031AE001FC1DC /* VolumeLiquidVM.swift */; };
		ACB171D325E03596001FC1DC /* SettingsVM.swift in Sources */ = {isa = PBXBuildFile; fileRef = ACB171D225E03596001FC1DC /* SettingsVM.swift */; };
		ACB171D625E035A6001FC1DC /* SettingsVC.swift in Sources */ = {isa = PBXBuildFile; fileRef = ACB171D525E035A6001FC1DC /* SettingsVC.swift */; };
		ACB171DE25E037ED001FC1DC /* ApplicationServiceProvider.swift in Sources */ = {isa = PBXBuildFile; fileRef = ACB171DD25E037ED001FC1DC /* ApplicationServiceProvider.swift */; };
		ACB171EC25E03D7C001FC1DC /* UIScrollView+TPKeyboardAvoidingAdditions.m in Sources */ = {isa = PBXBuildFile; fileRef = ACB171E525E03D7C001FC1DC /* UIScrollView+TPKeyboardAvoidingAdditions.m */; };
		ACB171ED25E03D7C001FC1DC /* TPKeyboardAvoidingTableView.m in Sources */ = {isa = PBXBuildFile; fileRef = ACB171E625E03D7C001FC1DC /* TPKeyboardAvoidingTableView.m */; };
		ACB171EE25E03D7C001FC1DC /* TPKeyboardAvoidingScrollView.m in Sources */ = {isa = PBXBuildFile; fileRef = ACB171E725E03D7C001FC1DC /* TPKeyboardAvoidingScrollView.m */; };
		ACB171EF25E03D7C001FC1DC /* TPKeyboardAvoidingCollectionView.m in Sources */ = {isa = PBXBuildFile; fileRef = ACB171E925E03D7C001FC1DC /* TPKeyboardAvoidingCollectionView.m */; };
		ACB171F425E0419C001FC1DC /* CustomKeyBoard.swift in Sources */ = {isa = PBXBuildFile; fileRef = ACB171F225E0419C001FC1DC /* CustomKeyBoard.swift */; };
		ACB171F525E0419C001FC1DC /* CustomKeyBoard.xib in Resources */ = {isa = PBXBuildFile; fileRef = ACB171F325E0419C001FC1DC /* CustomKeyBoard.xib */; };
		ACE47B0825F8F29500AB878E /* History.swift in Sources */ = {isa = PBXBuildFile; fileRef = ACE47B0725F8F29500AB878E /* History.swift */; };
		ACE47B0E25F8FE9A00AB878E /* UITableView+TableView.swift in Sources */ = {isa = PBXBuildFile; fileRef = ACE47B0D25F8FE9A00AB878E /* UITableView+TableView.swift */; };
		ACEC0F1B25D94F1B00D52B70 /* AppDelegate.swift in Sources */ = {isa = PBXBuildFile; fileRef = ACEC0F1A25D94F1B00D52B70 /* AppDelegate.swift */; };
		ACEC0F1D25D94F1B00D52B70 /* SceneDelegate.swift in Sources */ = {isa = PBXBuildFile; fileRef = ACEC0F1C25D94F1B00D52B70 /* SceneDelegate.swift */; };
		ACEC0F2525D94F1B00D52B70 /* UtilityConverter_iOS.xcdatamodeld in Sources */ = {isa = PBXBuildFile; fileRef = ACEC0F2325D94F1B00D52B70 /* UtilityConverter_iOS.xcdatamodeld */; };
		ACEC0F2725D94F1F00D52B70 /* Assets.xcassets in Resources */ = {isa = PBXBuildFile; fileRef = ACEC0F2625D94F1F00D52B70 /* Assets.xcassets */; };
		ACEC0F2A25D94F1F00D52B70 /* LaunchScreen.storyboard in Resources */ = {isa = PBXBuildFile; fileRef = ACEC0F2825D94F1F00D52B70 /* LaunchScreen.storyboard */; };
		ACEC0F4125D9537900D52B70 /* TabBar.storyboard in Resources */ = {isa = PBXBuildFile; fileRef = ACEC0F4025D9537900D52B70 /* TabBar.storyboard */; };
		ACEC0F4625D95C5400D52B70 /* HomeVC.swift in Sources */ = {isa = PBXBuildFile; fileRef = ACEC0F4525D95C5400D52B70 /* HomeVC.swift */; };
		ACEC0F4A25D95C6700D52B70 /* HomeVM.swift in Sources */ = {isa = PBXBuildFile; fileRef = ACEC0F4925D95C6700D52B70 /* HomeVM.swift */; };
		ACEC0F4D25D95C8000D52B70 /* HomeCVCell.swift in Sources */ = {isa = PBXBuildFile; fileRef = ACEC0F4C25D95C8000D52B70 /* HomeCVCell.swift */; };
/* End PBXBuildFile section */

/* Begin PBXFileReference section */
		01EFE381E68D07CD34AEE621 /* Pods-UtilityConverter-iOS.release.xcconfig */ = {isa = PBXFileReference; includeInIndex = 1; lastKnownFileType = text.xcconfig; name = "Pods-UtilityConverter-iOS.release.xcconfig"; path = "Target Support Files/Pods-UtilityConverter-iOS/Pods-UtilityConverter-iOS.release.xcconfig"; sourceTree = "<group>"; };
		5E2C7BBBBB7E2EDF860AB30F /* Pods_UtilityConverter_iOS.framework */ = {isa = PBXFileReference; explicitFileType = wrapper.framework; includeInIndex = 0; path = Pods_UtilityConverter_iOS.framework; sourceTree = BUILT_PRODUCTS_DIR; };
		AC12583125E4363F00ECD058 /* Temperature.swift */ = {isa = PBXFileReference; lastKnownFileType = sourcecode.swift; path = Temperature.swift; sourceTree = "<group>"; };
		AC12583425E437CF00ECD058 /* Volume.swift */ = {isa = PBXFileReference; lastKnownFileType = sourcecode.swift; path = Volume.swift; sourceTree = "<group>"; };
		AC12583725E4385300ECD058 /* Length.swift */ = {isa = PBXFileReference; lastKnownFileType = sourcecode.swift; path = Length.swift; sourceTree = "<group>"; };
		AC12583A25E442D700ECD058 /* Speed.swift */ = {isa = PBXFileReference; lastKnownFileType = sourcecode.swift; path = Speed.swift; sourceTree = "<group>"; };
		AC15934425D96894007558C4 /* MainTBC.swift */ = {isa = PBXFileReference; lastKnownFileType = sourcecode.swift; path = MainTBC.swift; sourceTree = "<group>"; };
		AC15934925D97237007558C4 /* HistoryVC.swift */ = {isa = PBXFileReference; lastKnownFileType = sourcecode.swift; path = HistoryVC.swift; sourceTree = "<group>"; };
		AC15934D25D97250007558C4 /* HistoryVM.swift */ = {isa = PBXFileReference; lastKnownFileType = sourcecode.swift; path = HistoryVM.swift; sourceTree = "<group>"; };
		AC15935025D97269007558C4 /* HistoryTVC.swift */ = {isa = PBXFileReference; lastKnownFileType = sourcecode.swift; path = HistoryTVC.swift; sourceTree = "<group>"; };
		AC48A55325E232490043A00A /* Weight.swift */ = {isa = PBXFileReference; lastKnownFileType = sourcecode.swift; path = Weight.swift; sourceTree = "<group>"; };
		AC868C9025E30B780095691A /* UITextField+CustomKeyBoard.swift */ = {isa = PBXFileReference; lastKnownFileType = sourcecode.swift; path = "UITextField+CustomKeyBoard.swift"; sourceTree = "<group>"; };
		AC947D0225DFBCCD00E5F5DE /* Conversion.storyboard */ = {isa = PBXFileReference; lastKnownFileType = file.storyboard; path = Conversion.storyboard; sourceTree = "<group>"; };
		ACA29CB325ED7CF9004E55B2 /* Extensions.swift */ = {isa = PBXFileReference; lastKnownFileType = sourcecode.swift; path = Extensions.swift; sourceTree = "<group>"; };
		ACA29CB625ED7D67004E55B2 /* UIColor+Color.swift */ = {isa = PBXFileReference; lastKnownFileType = sourcecode.swift; path = "UIColor+Color.swift"; sourceTree = "<group>"; };
		ACB1718C25E003F2001FC1DC /* OpenSans-SemiBold.ttf */ = {isa = PBXFileReference; lastKnownFileType = file; path = "OpenSans-SemiBold.ttf"; sourceTree = "<group>"; };
		ACB1718D25E003F2001FC1DC /* OpenSans-Light.ttf */ = {isa = PBXFileReference; lastKnownFileType = file; path = "OpenSans-Light.ttf"; sourceTree = "<group>"; };
		ACB1718E25E003F2001FC1DC /* OpenSans-Italic.ttf */ = {isa = PBXFileReference; lastKnownFileType = file; path = "OpenSans-Italic.ttf"; sourceTree = "<group>"; };
		ACB1718F25E003F2001FC1DC /* OpenSans-ExtraBold.ttf */ = {isa = PBXFileReference; lastKnownFileType = file; path = "OpenSans-ExtraBold.ttf"; sourceTree = "<group>"; };
		ACB1719025E003F2001FC1DC /* OpenSans-LightItalic.ttf */ = {isa = PBXFileReference; lastKnownFileType = file; path = "OpenSans-LightItalic.ttf"; sourceTree = "<group>"; };
		ACB1719125E003F2001FC1DC /* OpenSans-Bold.ttf */ = {isa = PBXFileReference; lastKnownFileType = file; path = "OpenSans-Bold.ttf"; sourceTree = "<group>"; };
		ACB1719225E003F2001FC1DC /* OpenSans-SemiBoldItalic.ttf */ = {isa = PBXFileReference; lastKnownFileType = file; path = "OpenSans-SemiBoldItalic.ttf"; sourceTree = "<group>"; };
		ACB1719325E003F2001FC1DC /* OpenSans-ExtraBoldItalic.ttf */ = {isa = PBXFileReference; lastKnownFileType = file; path = "OpenSans-ExtraBoldItalic.ttf"; sourceTree = "<group>"; };
		ACB1719425E003F2001FC1DC /* LICENSE.txt */ = {isa = PBXFileReference; fileEncoding = 4; lastKnownFileType = text; path = LICENSE.txt; sourceTree = "<group>"; };
		ACB1719525E003F2001FC1DC /* OpenSans-Regular.ttf */ = {isa = PBXFileReference; lastKnownFileType = file; path = "OpenSans-Regular.ttf"; sourceTree = "<group>"; };
		ACB1719625E003F2001FC1DC /* OpenSans-BoldItalic.ttf */ = {isa = PBXFileReference; lastKnownFileType = file; path = "OpenSans-BoldItalic.ttf"; sourceTree = "<group>"; };
		ACB171A325E004AC001FC1DC /* Utility.storyboard */ = {isa = PBXFileReference; lastKnownFileType = file.storyboard; path = Utility.storyboard; sourceTree = "<group>"; };
		ACB171A825E02B03001FC1DC /* Localizator.swift */ = {isa = PBXFileReference; lastKnownFileType = sourcecode.swift; path = Localizator.swift; sourceTree = "<group>"; };
		ACB171B225E030AF001FC1DC /* WeightVC.swift */ = {isa = PBXFileReference; lastKnownFileType = sourcecode.swift; path = WeightVC.swift; sourceTree = "<group>"; };
		ACB171B625E030BE001FC1DC /* WeightVM.swift */ = {isa = PBXFileReference; lastKnownFileType = sourcecode.swift; path = WeightVM.swift; sourceTree = "<group>"; };
		ACB171B925E030D8001FC1DC /* TemperatureVC.swift */ = {isa = PBXFileReference; lastKnownFileType = sourcecode.swift; path = TemperatureVC.swift; sourceTree = "<group>"; };
		ACB171BC25E030E6001FC1DC /* TemperatureVM.swift */ = {isa = PBXFileReference; lastKnownFileType = sourcecode.swift; path = TemperatureVM.swift; sourceTree = "<group>"; };
		ACB171BF25E03154001FC1DC /* LengthVC.swift */ = {isa = PBXFileReference; lastKnownFileType = sourcecode.swift; path = LengthVC.swift; sourceTree = "<group>"; };
		ACB171C225E03163001FC1DC /* LengthVM.swift */ = {isa = PBXFileReference; lastKnownFileType = sourcecode.swift; path = LengthVM.swift; sourceTree = "<group>"; };
		ACB171C525E03177001FC1DC /* SpeedVC.swift */ = {isa = PBXFileReference; lastKnownFileType = sourcecode.swift; path = SpeedVC.swift; sourceTree = "<group>"; };
		ACB171C825E03185001FC1DC /* SpeedVM.swift */ = {isa = PBXFileReference; lastKnownFileType = sourcecode.swift; path = SpeedVM.swift; sourceTree = "<group>"; };
		ACB171CB25E031A2001FC1DC /* VolumeLiquidVC.swift */ = {isa = PBXFileReference; lastKnownFileType = sourcecode.swift; path = VolumeLiquidVC.swift; sourceTree = "<group>"; };
		ACB171CE25E031AE001FC1DC /* VolumeLiquidVM.swift */ = {isa = PBXFileReference; lastKnownFileType = sourcecode.swift; path = VolumeLiquidVM.swift; sourceTree = "<group>"; };
		ACB171D225E03596001FC1DC /* SettingsVM.swift */ = {isa = PBXFileReference; lastKnownFileType = sourcecode.swift; path = SettingsVM.swift; sourceTree = "<group>"; };
		ACB171D525E035A6001FC1DC /* SettingsVC.swift */ = {isa = PBXFileReference; lastKnownFileType = sourcecode.swift; path = SettingsVC.swift; sourceTree = "<group>"; };
		ACB171DD25E037ED001FC1DC /* ApplicationServiceProvider.swift */ = {isa = PBXFileReference; lastKnownFileType = sourcecode.swift; path = ApplicationServiceProvider.swift; sourceTree = "<group>"; };
		ACB171E325E03D7C001FC1DC /* TPKeyboardAvoidingScrollView.h */ = {isa = PBXFileReference; fileEncoding = 4; lastKnownFileType = sourcecode.c.h; path = TPKeyboardAvoidingScrollView.h; sourceTree = "<group>"; };
		ACB171E425E03D7C001FC1DC /* TPKeyboardAvoidingCollectionView.h */ = {isa = PBXFileReference; fileEncoding = 4; lastKnownFileType = sourcecode.c.h; path = TPKeyboardAvoidingCollectionView.h; sourceTree = "<group>"; };
		ACB171E525E03D7C001FC1DC /* UIScrollView+TPKeyboardAvoidingAdditions.m */ = {isa = PBXFileReference; fileEncoding = 4; lastKnownFileType = sourcecode.c.objc; path = "UIScrollView+TPKeyboardAvoidingAdditions.m"; sourceTree = "<group>"; };
		ACB171E625E03D7C001FC1DC /* TPKeyboardAvoidingTableView.m */ = {isa = PBXFileReference; fileEncoding = 4; lastKnownFileType = sourcecode.c.objc; path = TPKeyboardAvoidingTableView.m; sourceTree = "<group>"; };
		ACB171E725E03D7C001FC1DC /* TPKeyboardAvoidingScrollView.m */ = {isa = PBXFileReference; fileEncoding = 4; lastKnownFileType = sourcecode.c.objc; path = TPKeyboardAvoidingScrollView.m; sourceTree = "<group>"; };
		ACB171E825E03D7C001FC1DC /* UIScrollView+TPKeyboardAvoidingAdditions.h */ = {isa = PBXFileReference; fileEncoding = 4; lastKnownFileType = sourcecode.c.h; path = "UIScrollView+TPKeyboardAvoidingAdditions.h"; sourceTree = "<group>"; };
		ACB171E925E03D7C001FC1DC /* TPKeyboardAvoidingCollectionView.m */ = {isa = PBXFileReference; fileEncoding = 4; lastKnownFileType = sourcecode.c.objc; path = TPKeyboardAvoidingCollectionView.m; sourceTree = "<group>"; };
		ACB171EA25E03D7C001FC1DC /* TPKeyboardAvoidingTableView.h */ = {isa = PBXFileReference; fileEncoding = 4; lastKnownFileType = sourcecode.c.h; path = TPKeyboardAvoidingTableView.h; sourceTree = "<group>"; };
		ACB171EB25E03D7C001FC1DC /* BarHopper-Bridging-Header.h */ = {isa = PBXFileReference; fileEncoding = 4; lastKnownFileType = sourcecode.c.h; path = "BarHopper-Bridging-Header.h"; sourceTree = "<group>"; };
		ACB171F225E0419C001FC1DC /* CustomKeyBoard.swift */ = {isa = PBXFileReference; lastKnownFileType = sourcecode.swift; path = CustomKeyBoard.swift; sourceTree = "<group>"; };
		ACB171F325E0419C001FC1DC /* CustomKeyBoard.xib */ = {isa = PBXFileReference; lastKnownFileType = file.xib; path = CustomKeyBoard.xib; sourceTree = "<group>"; };
		ACE47B0725F8F29500AB878E /* History.swift */ = {isa = PBXFileReference; lastKnownFileType = sourcecode.swift; path = History.swift; sourceTree = "<group>"; };
		ACE47B0D25F8FE9A00AB878E /* UITableView+TableView.swift */ = {isa = PBXFileReference; lastKnownFileType = sourcecode.swift; path = "UITableView+TableView.swift"; sourceTree = "<group>"; };
		ACEC0F1725D94F1B00D52B70 /* UtilityConverter-iOS.app */ = {isa = PBXFileReference; explicitFileType = wrapper.application; includeInIndex = 0; path = "UtilityConverter-iOS.app"; sourceTree = BUILT_PRODUCTS_DIR; };
		ACEC0F1A25D94F1B00D52B70 /* AppDelegate.swift */ = {isa = PBXFileReference; lastKnownFileType = sourcecode.swift; path = AppDelegate.swift; sourceTree = "<group>"; };
		ACEC0F1C25D94F1B00D52B70 /* SceneDelegate.swift */ = {isa = PBXFileReference; lastKnownFileType = sourcecode.swift; path = SceneDelegate.swift; sourceTree = "<group>"; };
		ACEC0F2425D94F1B00D52B70 /* UtilityConverter_iOS.xcdatamodel */ = {isa = PBXFileReference; lastKnownFileType = wrapper.xcdatamodel; path = UtilityConverter_iOS.xcdatamodel; sourceTree = "<group>"; };
		ACEC0F2625D94F1F00D52B70 /* Assets.xcassets */ = {isa = PBXFileReference; lastKnownFileType = folder.assetcatalog; path = Assets.xcassets; sourceTree = "<group>"; };
		ACEC0F2925D94F1F00D52B70 /* Base */ = {isa = PBXFileReference; lastKnownFileType = file.storyboard; name = Base; path = Base.lproj/LaunchScreen.storyboard; sourceTree = "<group>"; };
		ACEC0F2B25D94F1F00D52B70 /* Info.plist */ = {isa = PBXFileReference; lastKnownFileType = text.plist.xml; path = Info.plist; sourceTree = "<group>"; };
		ACEC0F4025D9537900D52B70 /* TabBar.storyboard */ = {isa = PBXFileReference; lastKnownFileType = file.storyboard; path = TabBar.storyboard; sourceTree = "<group>"; };
		ACEC0F4525D95C5400D52B70 /* HomeVC.swift */ = {isa = PBXFileReference; lastKnownFileType = sourcecode.swift; path = HomeVC.swift; sourceTree = "<group>"; };
		ACEC0F4925D95C6700D52B70 /* HomeVM.swift */ = {isa = PBXFileReference; lastKnownFileType = sourcecode.swift; path = HomeVM.swift; sourceTree = "<group>"; };
		ACEC0F4C25D95C8000D52B70 /* HomeCVCell.swift */ = {isa = PBXFileReference; lastKnownFileType = sourcecode.swift; path = HomeCVCell.swift; sourceTree = "<group>"; };
		EE2330CFC7819E2613611A98 /* Pods-UtilityConverter-iOS.debug.xcconfig */ = {isa = PBXFileReference; includeInIndex = 1; lastKnownFileType = text.xcconfig; name = "Pods-UtilityConverter-iOS.debug.xcconfig"; path = "Target Support Files/Pods-UtilityConverter-iOS/Pods-UtilityConverter-iOS.debug.xcconfig"; sourceTree = "<group>"; };
/* End PBXFileReference section */

/* Begin PBXFrameworksBuildPhase section */
		ACEC0F1425D94F1B00D52B70 /* Frameworks */ = {
			isa = PBXFrameworksBuildPhase;
			buildActionMask = 2147483647;
			files = (
				82C7DAB920A2DB2294E13609 /* Pods_UtilityConverter_iOS.framework in Frameworks */,
			);
			runOnlyForDeploymentPostprocessing = 0;
		};
/* End PBXFrameworksBuildPhase section */

/* Begin PBXGroup section */
		1D438C104FEC66493C63B5E0 /* Frameworks */ = {
			isa = PBXGroup;
			children = (
				5E2C7BBBBB7E2EDF860AB30F /* Pods_UtilityConverter_iOS.framework */,
			);
			name = Frameworks;
			sourceTree = "<group>";
		};
		2C8AC6B50CEC530E85D2FD60 /* Pods */ = {
			isa = PBXGroup;
			children = (
				EE2330CFC7819E2613611A98 /* Pods-UtilityConverter-iOS.debug.xcconfig */,
				01EFE381E68D07CD34AEE621 /* Pods-UtilityConverter-iOS.release.xcconfig */,
			);
			path = Pods;
			sourceTree = "<group>";
		};
		AC15934325D9686F007558C4 /* TabBar */ = {
			isa = PBXGroup;
			children = (
				AC15934425D96894007558C4 /* MainTBC.swift */,
			);
			path = TabBar;
			sourceTree = "<group>";
		};
		AC15934825D9721B007558C4 /* History */ = {
			isa = PBXGroup;
			children = (
				AC15934925D97237007558C4 /* HistoryVC.swift */,
				AC15934D25D97250007558C4 /* HistoryVM.swift */,
				AC15935025D97269007558C4 /* HistoryTVC.swift */,
			);
			path = History;
			sourceTree = "<group>";
		};
		AC48A55225E2322E0043A00A /* Conversions */ = {
			isa = PBXGroup;
			children = (
				AC48A55325E232490043A00A /* Weight.swift */,
				AC12583125E4363F00ECD058 /* Temperature.swift */,
				AC12583725E4385300ECD058 /* Length.swift */,
				AC12583A25E442D700ECD058 /* Speed.swift */,
				AC12583425E437CF00ECD058 /* Volume.swift */,
			);
			path = Conversions;
			sourceTree = "<group>";
		};
		AC48A55725E249CB0043A00A /* Extensions */ = {
			isa = PBXGroup;
			children = (
				AC868C9025E30B780095691A /* UITextField+CustomKeyBoard.swift */,
				ACA29CB625ED7D67004E55B2 /* UIColor+Color.swift */,
				ACE47B0D25F8FE9A00AB878E /* UITableView+TableView.swift */,
			);
			path = Extensions;
			sourceTree = "<group>";
		};
		ACB1718925E002DE001FC1DC /* Fonts */ = {
			isa = PBXGroup;
			children = (
				ACB1718B25E003F2001FC1DC /* Open_Sans */,
			);
			path = Fonts;
			sourceTree = "<group>";
		};
		ACB1718B25E003F2001FC1DC /* Open_Sans */ = {
			isa = PBXGroup;
			children = (
				ACB1718C25E003F2001FC1DC /* OpenSans-SemiBold.ttf */,
				ACB1718D25E003F2001FC1DC /* OpenSans-Light.ttf */,
				ACB1718E25E003F2001FC1DC /* OpenSans-Italic.ttf */,
				ACB1718F25E003F2001FC1DC /* OpenSans-ExtraBold.ttf */,
				ACB1719025E003F2001FC1DC /* OpenSans-LightItalic.ttf */,
				ACB1719125E003F2001FC1DC /* OpenSans-Bold.ttf */,
				ACB1719225E003F2001FC1DC /* OpenSans-SemiBoldItalic.ttf */,
				ACB1719325E003F2001FC1DC /* OpenSans-ExtraBoldItalic.ttf */,
				ACB1719425E003F2001FC1DC /* LICENSE.txt */,
				ACB1719525E003F2001FC1DC /* OpenSans-Regular.ttf */,
				ACB1719625E003F2001FC1DC /* OpenSans-BoldItalic.ttf */,
			);
			path = Open_Sans;
			sourceTree = "<group>";
		};
		ACB171AB25E02BE4001FC1DC /* Home */ = {
			isa = PBXGroup;
			children = (
				ACEC0F4525D95C5400D52B70 /* HomeVC.swift */,
				ACEC0F4925D95C6700D52B70 /* HomeVM.swift */,
				ACEC0F4C25D95C8000D52B70 /* HomeCVCell.swift */,
			);
			path = Home;
			sourceTree = "<group>";
		};
		ACB171AD25E03058001FC1DC /* Weight */ = {
			isa = PBXGroup;
			children = (
				ACB171B225E030AF001FC1DC /* WeightVC.swift */,
				ACB171B625E030BE001FC1DC /* WeightVM.swift */,
			);
			path = Weight;
			sourceTree = "<group>";
		};
		ACB171AE25E0305F001FC1DC /* Temperature */ = {
			isa = PBXGroup;
			children = (
				ACB171B925E030D8001FC1DC /* TemperatureVC.swift */,
				ACB171BC25E030E6001FC1DC /* TemperatureVM.swift */,
			);
			path = Temperature;
			sourceTree = "<group>";
		};
		ACB171AF25E03068001FC1DC /* Length */ = {
			isa = PBXGroup;
			children = (
				ACB171BF25E03154001FC1DC /* LengthVC.swift */,
				ACB171C225E03163001FC1DC /* LengthVM.swift */,
			);
			path = Length;
			sourceTree = "<group>";
		};
		ACB171B025E03073001FC1DC /* Speed */ = {
			isa = PBXGroup;
			children = (
				ACB171C525E03177001FC1DC /* SpeedVC.swift */,
				ACB171C825E03185001FC1DC /* SpeedVM.swift */,
			);
			path = Speed;
			sourceTree = "<group>";
		};
		ACB171B125E0307C001FC1DC /* VolumeLiquid */ = {
			isa = PBXGroup;
			children = (
				ACB171CB25E031A2001FC1DC /* VolumeLiquidVC.swift */,
				ACB171CE25E031AE001FC1DC /* VolumeLiquidVM.swift */,
			);
			path = VolumeLiquid;
			sourceTree = "<group>";
		};
		ACB171D125E03582001FC1DC /* Settings */ = {
			isa = PBXGroup;
			children = (
				ACB171D525E035A6001FC1DC /* SettingsVC.swift */,
				ACB171D225E03596001FC1DC /* SettingsVM.swift */,
			);
			path = Settings;
			sourceTree = "<group>";
		};
		ACB171E125E03D69001FC1DC /* Libraries */ = {
			isa = PBXGroup;
			children = (
				ACB171E225E03D7C001FC1DC /* TPKeyboardAvoidingScrollView */,
			);
			path = Libraries;
			sourceTree = "<group>";
		};
		ACB171E225E03D7C001FC1DC /* TPKeyboardAvoidingScrollView */ = {
			isa = PBXGroup;
			children = (
				ACB171E325E03D7C001FC1DC /* TPKeyboardAvoidingScrollView.h */,
				ACB171E425E03D7C001FC1DC /* TPKeyboardAvoidingCollectionView.h */,
				ACB171E525E03D7C001FC1DC /* UIScrollView+TPKeyboardAvoidingAdditions.m */,
				ACB171E625E03D7C001FC1DC /* TPKeyboardAvoidingTableView.m */,
				ACB171E725E03D7C001FC1DC /* TPKeyboardAvoidingScrollView.m */,
				ACB171E825E03D7C001FC1DC /* UIScrollView+TPKeyboardAvoidingAdditions.h */,
				ACB171E925E03D7C001FC1DC /* TPKeyboardAvoidingCollectionView.m */,
				ACB171EA25E03D7C001FC1DC /* TPKeyboardAvoidingTableView.h */,
				ACB171EB25E03D7C001FC1DC /* BarHopper-Bridging-Header.h */,
			);
			path = TPKeyboardAvoidingScrollView;
			sourceTree = "<group>";
		};
		ACB171F125E04157001FC1DC /* CustomKeyBoard */ = {
			isa = PBXGroup;
			children = (
				ACB171F225E0419C001FC1DC /* CustomKeyBoard.swift */,
				ACB171F325E0419C001FC1DC /* CustomKeyBoard.xib */,
			);
			path = CustomKeyBoard;
			sourceTree = "<group>";
		};
		ACE47B0625F8F28500AB878E /* Model */ = {
			isa = PBXGroup;
			children = (
				ACE47B0725F8F29500AB878E /* History.swift */,
			);
			path = Model;
			sourceTree = "<group>";
		};
		ACEC0F0E25D94F1A00D52B70 = {
			isa = PBXGroup;
			children = (
				ACEC0F1925D94F1B00D52B70 /* UtilityConverter-iOS */,
				ACEC0F1825D94F1B00D52B70 /* Products */,
				2C8AC6B50CEC530E85D2FD60 /* Pods */,
				1D438C104FEC66493C63B5E0 /* Frameworks */,
			);
			sourceTree = "<group>";
		};
		ACEC0F1825D94F1B00D52B70 /* Products */ = {
			isa = PBXGroup;
			children = (
				ACEC0F1725D94F1B00D52B70 /* UtilityConverter-iOS.app */,
			);
			name = Products;
			sourceTree = "<group>";
		};
		ACEC0F1925D94F1B00D52B70 /* UtilityConverter-iOS */ = {
			isa = PBXGroup;
			children = (
				ACE47B0625F8F28500AB878E /* Model */,
				ACB171E125E03D69001FC1DC /* Libraries */,
				ACEC0F3325D94F7800D52B70 /* Application */,
				ACEC0F3425D94F8000D52B70 /* Supporting Files */,
				ACEC0F3525D94F8E00D52B70 /* Storyboard */,
				ACEC0F3625D94F9600D52B70 /* VCs+VMs */,
				AC48A55725E249CB0043A00A /* Extensions */,
				ACEC0F3725D94FA200D52B70 /* Utilities */,
			);
			path = "UtilityConverter-iOS";
			sourceTree = "<group>";
		};
		ACEC0F3325D94F7800D52B70 /* Application */ = {
			isa = PBXGroup;
			children = (
				ACEC0F1A25D94F1B00D52B70 /* AppDelegate.swift */,
				ACEC0F1C25D94F1B00D52B70 /* SceneDelegate.swift */,
			);
			path = Application;
			sourceTree = "<group>";
		};
		ACEC0F3425D94F8000D52B70 /* Supporting Files */ = {
			isa = PBXGroup;
			children = (
				ACB1718925E002DE001FC1DC /* Fonts */,
				ACEC0F2625D94F1F00D52B70 /* Assets.xcassets */,
				ACEC0F2B25D94F1F00D52B70 /* Info.plist */,
				ACEC0F2325D94F1B00D52B70 /* UtilityConverter_iOS.xcdatamodeld */,
			);
			path = "Supporting Files";
			sourceTree = "<group>";
		};
		ACEC0F3525D94F8E00D52B70 /* Storyboard */ = {
			isa = PBXGroup;
			children = (
				ACEC0F2825D94F1F00D52B70 /* LaunchScreen.storyboard */,
				AC947D0225DFBCCD00E5F5DE /* Conversion.storyboard */,
				ACB171A325E004AC001FC1DC /* Utility.storyboard */,
				ACEC0F4025D9537900D52B70 /* TabBar.storyboard */,
			);
			path = Storyboard;
			sourceTree = "<group>";
		};
		ACEC0F3625D94F9600D52B70 /* VCs+VMs */ = {
			isa = PBXGroup;
			children = (
				ACEC0F4425D95C3D00D52B70 /* Main */,
				AC15934825D9721B007558C4 /* History */,
				ACB171D125E03582001FC1DC /* Settings */,
				ACB171F125E04157001FC1DC /* CustomKeyBoard */,
				AC15934325D9686F007558C4 /* TabBar */,
			);
			path = "VCs+VMs";
			sourceTree = "<group>";
		};
		ACEC0F3725D94FA200D52B70 /* Utilities */ = {
			isa = PBXGroup;
			children = (
				AC48A55225E2322E0043A00A /* Conversions */,
				ACB171A825E02B03001FC1DC /* Localizator.swift */,
				ACB171DD25E037ED001FC1DC /* ApplicationServiceProvider.swift */,
				ACA29CB325ED7CF9004E55B2 /* Extensions.swift */,
			);
			path = Utilities;
			sourceTree = "<group>";
		};
		ACEC0F4425D95C3D00D52B70 /* Main */ = {
			isa = PBXGroup;
			children = (
				ACB171AB25E02BE4001FC1DC /* Home */,
				ACB171AD25E03058001FC1DC /* Weight */,
				ACB171AE25E0305F001FC1DC /* Temperature */,
				ACB171AF25E03068001FC1DC /* Length */,
				ACB171B025E03073001FC1DC /* Speed */,
				ACB171B125E0307C001FC1DC /* VolumeLiquid */,
			);
			path = Main;
			sourceTree = "<group>";
		};
/* End PBXGroup section */

/* Begin PBXNativeTarget section */
		ACEC0F1625D94F1B00D52B70 /* UtilityConverter-iOS */ = {
			isa = PBXNativeTarget;
			buildConfigurationList = ACEC0F2E25D94F1F00D52B70 /* Build configuration list for PBXNativeTarget "UtilityConverter-iOS" */;
			buildPhases = (
				0C4DAB0E33443422C8292244 /* [CP] Check Pods Manifest.lock */,
				ACEC0F1325D94F1B00D52B70 /* Sources */,
				ACEC0F1425D94F1B00D52B70 /* Frameworks */,
				ACEC0F1525D94F1B00D52B70 /* Resources */,
				1EFA6323D416C846D47A2CAC /* [CP] Embed Pods Frameworks */,
			);
			buildRules = (
			);
			dependencies = (
			);
			name = "UtilityConverter-iOS";
			productName = "UtilityConverter-iOS";
			productReference = ACEC0F1725D94F1B00D52B70 /* UtilityConverter-iOS.app */;
			productType = "com.apple.product-type.application";
		};
/* End PBXNativeTarget section */

/* Begin PBXProject section */
		ACEC0F0F25D94F1A00D52B70 /* Project object */ = {
			isa = PBXProject;
			attributes = {
				LastSwiftUpdateCheck = 1240;
				LastUpgradeCheck = 1240;
				TargetAttributes = {
					ACEC0F1625D94F1B00D52B70 = {
						CreatedOnToolsVersion = 12.4;
					};
				};
			};
			buildConfigurationList = ACEC0F1225D94F1A00D52B70 /* Build configuration list for PBXProject "UtilityConverter-iOS" */;
			compatibilityVersion = "Xcode 9.3";
			developmentRegion = en;
			hasScannedForEncodings = 0;
			knownRegions = (
				en,
				Base,
			);
			mainGroup = ACEC0F0E25D94F1A00D52B70;
			productRefGroup = ACEC0F1825D94F1B00D52B70 /* Products */;
			projectDirPath = "";
			projectRoot = "";
			targets = (
				ACEC0F1625D94F1B00D52B70 /* UtilityConverter-iOS */,
			);
		};
/* End PBXProject section */

/* Begin PBXResourcesBuildPhase section */
		ACEC0F1525D94F1B00D52B70 /* Resources */ = {
			isa = PBXResourcesBuildPhase;
			buildActionMask = 2147483647;
			files = (
				ACB1719825E003F2001FC1DC /* OpenSans-Light.ttf in Resources */,
				ACEC0F4125D9537900D52B70 /* TabBar.storyboard in Resources */,
				ACB1719A25E003F2001FC1DC /* OpenSans-ExtraBold.ttf in Resources */,
				ACB1719725E003F2001FC1DC /* OpenSans-SemiBold.ttf in Resources */,
				ACB1719F25E003F2001FC1DC /* LICENSE.txt in Resources */,
				ACEC0F2A25D94F1F00D52B70 /* LaunchScreen.storyboard in Resources */,
				ACB171F525E0419C001FC1DC /* CustomKeyBoard.xib in Resources */,
				ACEC0F2725D94F1F00D52B70 /* Assets.xcassets in Resources */,
				ACB1719E25E003F2001FC1DC /* OpenSans-ExtraBoldItalic.ttf in Resources */,
				AC868C9425E30BED0095691A /* Conversion.storyboard in Resources */,
				ACB171A125E003F2001FC1DC /* OpenSans-BoldItalic.ttf in Resources */,
				ACB1719925E003F2001FC1DC /* OpenSans-Italic.ttf in Resources */,
				ACB171A025E003F2001FC1DC /* OpenSans-Regular.ttf in Resources */,
				ACB1719D25E003F2001FC1DC /* OpenSans-SemiBoldItalic.ttf in Resources */,
				ACB171A425E004AC001FC1DC /* Utility.storyboard in Resources */,
				ACB1719C25E003F2001FC1DC /* OpenSans-Bold.ttf in Resources */,
				ACB1719B25E003F2001FC1DC /* OpenSans-LightItalic.ttf in Resources */,
			);
			runOnlyForDeploymentPostprocessing = 0;
		};
/* End PBXResourcesBuildPhase section */

/* Begin PBXShellScriptBuildPhase section */
		0C4DAB0E33443422C8292244 /* [CP] Check Pods Manifest.lock */ = {
			isa = PBXShellScriptBuildPhase;
			buildActionMask = 2147483647;
			files = (
			);
			inputFileListPaths = (
			);
			inputPaths = (
				"${PODS_PODFILE_DIR_PATH}/Podfile.lock",
				"${PODS_ROOT}/Manifest.lock",
			);
			name = "[CP] Check Pods Manifest.lock";
			outputFileListPaths = (
			);
			outputPaths = (
				"$(DERIVED_FILE_DIR)/Pods-UtilityConverter-iOS-checkManifestLockResult.txt",
			);
			runOnlyForDeploymentPostprocessing = 0;
			shellPath = /bin/sh;
			shellScript = "diff \"${PODS_PODFILE_DIR_PATH}/Podfile.lock\" \"${PODS_ROOT}/Manifest.lock\" > /dev/null\nif [ $? != 0 ] ; then\n    # print error to STDERR\n    echo \"error: The sandbox is not in sync with the Podfile.lock. Run 'pod install' or update your CocoaPods installation.\" >&2\n    exit 1\nfi\n# This output is used by Xcode 'outputs' to avoid re-running this script phase.\necho \"SUCCESS\" > \"${SCRIPT_OUTPUT_FILE_0}\"\n";
			showEnvVarsInLog = 0;
		};
		1EFA6323D416C846D47A2CAC /* [CP] Embed Pods Frameworks */ = {
			isa = PBXShellScriptBuildPhase;
			buildActionMask = 2147483647;
			files = (
			);
			inputFileListPaths = (
				"${PODS_ROOT}/Target Support Files/Pods-UtilityConverter-iOS/Pods-UtilityConverter-iOS-frameworks-${CONFIGURATION}-input-files.xcfilelist",
			);
			name = "[CP] Embed Pods Frameworks";
			outputFileListPaths = (
				"${PODS_ROOT}/Target Support Files/Pods-UtilityConverter-iOS/Pods-UtilityConverter-iOS-frameworks-${CONFIGURATION}-output-files.xcfilelist",
			);
			runOnlyForDeploymentPostprocessing = 0;
			shellPath = /bin/sh;
			shellScript = "\"${PODS_ROOT}/Target Support Files/Pods-UtilityConverter-iOS/Pods-UtilityConverter-iOS-frameworks.sh\"\n";
			showEnvVarsInLog = 0;
		};
/* End PBXShellScriptBuildPhase section */

/* Begin PBXSourcesBuildPhase section */
		ACEC0F1325D94F1B00D52B70 /* Sources */ = {
			isa = PBXSourcesBuildPhase;
			buildActionMask = 2147483647;
			files = (
				ACB171CC25E031A2001FC1DC /* VolumeLiquidVC.swift in Sources */,
				AC15935125D97269007558C4 /* HistoryTVC.swift in Sources */,
				ACE47B0825F8F29500AB878E /* History.swift in Sources */,
				ACB171C325E03163001FC1DC /* LengthVM.swift in Sources */,
				ACEC0F2525D94F1B00D52B70 /* UtilityConverter_iOS.xcdatamodeld in Sources */,
				ACB171EC25E03D7C001FC1DC /* UIScrollView+TPKeyboardAvoidingAdditions.m in Sources */,
				ACA29CB725ED7D67004E55B2 /* UIColor+Color.swift in Sources */,
				AC48A55425E232490043A00A /* Weight.swift in Sources */,
				ACB171ED25E03D7C001FC1DC /* TPKeyboardAvoidingTableView.m in Sources */,
				ACB171EF25E03D7C001FC1DC /* TPKeyboardAvoidingCollectionView.m in Sources */,
				AC15934525D96894007558C4 /* MainTBC.swift in Sources */,
				ACB171F425E0419C001FC1DC /* CustomKeyBoard.swift in Sources */,
				ACEC0F4A25D95C6700D52B70 /* HomeVM.swift in Sources */,
				ACB171C025E03154001FC1DC /* LengthVC.swift in Sources */,
				ACEC0F4625D95C5400D52B70 /* HomeVC.swift in Sources */,
				ACEC0F1B25D94F1B00D52B70 /* AppDelegate.swift in Sources */,
				ACB171B725E030BE001FC1DC /* WeightVM.swift in Sources */,
				AC15934A25D97237007558C4 /* HistoryVC.swift in Sources */,
				ACEC0F1D25D94F1B00D52B70 /* SceneDelegate.swift in Sources */,
				ACB171C925E03185001FC1DC /* SpeedVM.swift in Sources */,
				AC12583B25E442D700ECD058 /* Speed.swift in Sources */,
				ACA29CB425ED7CF9004E55B2 /* Extensions.swift in Sources */,
				ACB171EE25E03D7C001FC1DC /* TPKeyboardAvoidingScrollView.m in Sources */,
				ACB171BD25E030E6001FC1DC /* TemperatureVM.swift in Sources */,
				ACB171DE25E037ED001FC1DC /* ApplicationServiceProvider.swift in Sources */,
				ACEC0F4D25D95C8000D52B70 /* HomeCVCell.swift in Sources */,
				AC15934E25D97250007558C4 /* HistoryVM.swift in Sources */,
				ACB171CF25E031AE001FC1DC /* VolumeLiquidVM.swift in Sources */,
				AC868C9A25E30E170095691A /* WeightVC.swift in Sources */,
				ACB171D325E03596001FC1DC /* SettingsVM.swift in Sources */,
				AC12583225E4363F00ECD058 /* Temperature.swift in Sources */,
				ACB171A925E02B03001FC1DC /* Localizator.swift in Sources */,
				ACB171D625E035A6001FC1DC /* SettingsVC.swift in Sources */,
				ACE47B0E25F8FE9A00AB878E /* UITableView+TableView.swift in Sources */,
				ACB171C625E03177001FC1DC /* SpeedVC.swift in Sources */,
				AC12583525E437CF00ECD058 /* Volume.swift in Sources */,
				AC868C9725E30C000095691A /* UITextField+CustomKeyBoard.swift in Sources */,
				ACB171BA25E030D8001FC1DC /* TemperatureVC.swift in Sources */,
				AC12583825E4385300ECD058 /* Length.swift in Sources */,
			);
			runOnlyForDeploymentPostprocessing = 0;
		};
/* End PBXSourcesBuildPhase section */

/* Begin PBXVariantGroup section */
		ACEC0F2825D94F1F00D52B70 /* LaunchScreen.storyboard */ = {
			isa = PBXVariantGroup;
			children = (
				ACEC0F2925D94F1F00D52B70 /* Base */,
			);
			name = LaunchScreen.storyboard;
			sourceTree = "<group>";
		};
/* End PBXVariantGroup section */

/* Begin XCBuildConfiguration section */
		ACEC0F2C25D94F1F00D52B70 /* Debug */ = {
			isa = XCBuildConfiguration;
			buildSettings = {
				ALWAYS_SEARCH_USER_PATHS = NO;
				CLANG_ANALYZER_NONNULL = YES;
				CLANG_ANALYZER_NUMBER_OBJECT_CONVERSION = YES_AGGRESSIVE;
				CLANG_CXX_LANGUAGE_STANDARD = "gnu++14";
				CLANG_CXX_LIBRARY = "libc++";
				CLANG_ENABLE_MODULES = YES;
				CLANG_ENABLE_OBJC_ARC = YES;
				CLANG_ENABLE_OBJC_WEAK = YES;
				CLANG_WARN_BLOCK_CAPTURE_AUTORELEASING = YES;
				CLANG_WARN_BOOL_CONVERSION = YES;
				CLANG_WARN_COMMA = YES;
				CLANG_WARN_CONSTANT_CONVERSION = YES;
				CLANG_WARN_DEPRECATED_OBJC_IMPLEMENTATIONS = YES;
				CLANG_WARN_DIRECT_OBJC_ISA_USAGE = YES_ERROR;
				CLANG_WARN_DOCUMENTATION_COMMENTS = YES;
				CLANG_WARN_EMPTY_BODY = YES;
				CLANG_WARN_ENUM_CONVERSION = YES;
				CLANG_WARN_INFINITE_RECURSION = YES;
				CLANG_WARN_INT_CONVERSION = YES;
				CLANG_WARN_NON_LITERAL_NULL_CONVERSION = YES;
				CLANG_WARN_OBJC_IMPLICIT_RETAIN_SELF = YES;
				CLANG_WARN_OBJC_LITERAL_CONVERSION = YES;
				CLANG_WARN_OBJC_ROOT_CLASS = YES_ERROR;
				CLANG_WARN_QUOTED_INCLUDE_IN_FRAMEWORK_HEADER = YES;
				CLANG_WARN_RANGE_LOOP_ANALYSIS = YES;
				CLANG_WARN_STRICT_PROTOTYPES = YES;
				CLANG_WARN_SUSPICIOUS_MOVE = YES;
				CLANG_WARN_UNGUARDED_AVAILABILITY = YES_AGGRESSIVE;
				CLANG_WARN_UNREACHABLE_CODE = YES;
				CLANG_WARN__DUPLICATE_METHOD_MATCH = YES;
				COPY_PHASE_STRIP = NO;
				DEBUG_INFORMATION_FORMAT = dwarf;
				ENABLE_STRICT_OBJC_MSGSEND = YES;
				ENABLE_TESTABILITY = YES;
				GCC_C_LANGUAGE_STANDARD = gnu11;
				GCC_DYNAMIC_NO_PIC = NO;
				GCC_NO_COMMON_BLOCKS = YES;
				GCC_OPTIMIZATION_LEVEL = 0;
				GCC_PREPROCESSOR_DEFINITIONS = (
					"DEBUG=1",
					"$(inherited)",
				);
				GCC_WARN_64_TO_32_BIT_CONVERSION = YES;
				GCC_WARN_ABOUT_RETURN_TYPE = YES_ERROR;
				GCC_WARN_UNDECLARED_SELECTOR = YES;
				GCC_WARN_UNINITIALIZED_AUTOS = YES_AGGRESSIVE;
				GCC_WARN_UNUSED_FUNCTION = YES;
				GCC_WARN_UNUSED_VARIABLE = YES;
				IPHONEOS_DEPLOYMENT_TARGET = 14.4;
				MTL_ENABLE_DEBUG_INFO = INCLUDE_SOURCE;
				MTL_FAST_MATH = YES;
				ONLY_ACTIVE_ARCH = YES;
				SDKROOT = iphoneos;
				SWIFT_ACTIVE_COMPILATION_CONDITIONS = DEBUG;
				SWIFT_OPTIMIZATION_LEVEL = "-Onone";
			};
			name = Debug;
		};
		ACEC0F2D25D94F1F00D52B70 /* Release */ = {
			isa = XCBuildConfiguration;
			buildSettings = {
				ALWAYS_SEARCH_USER_PATHS = NO;
				CLANG_ANALYZER_NONNULL = YES;
				CLANG_ANALYZER_NUMBER_OBJECT_CONVERSION = YES_AGGRESSIVE;
				CLANG_CXX_LANGUAGE_STANDARD = "gnu++14";
				CLANG_CXX_LIBRARY = "libc++";
				CLANG_ENABLE_MODULES = YES;
				CLANG_ENABLE_OBJC_ARC = YES;
				CLANG_ENABLE_OBJC_WEAK = YES;
				CLANG_WARN_BLOCK_CAPTURE_AUTORELEASING = YES;
				CLANG_WARN_BOOL_CONVERSION = YES;
				CLANG_WARN_COMMA = YES;
				CLANG_WARN_CONSTANT_CONVERSION = YES;
				CLANG_WARN_DEPRECATED_OBJC_IMPLEMENTATIONS = YES;
				CLANG_WARN_DIRECT_OBJC_ISA_USAGE = YES_ERROR;
				CLANG_WARN_DOCUMENTATION_COMMENTS = YES;
				CLANG_WARN_EMPTY_BODY = YES;
				CLANG_WARN_ENUM_CONVERSION = YES;
				CLANG_WARN_INFINITE_RECURSION = YES;
				CLANG_WARN_INT_CONVERSION = YES;
				CLANG_WARN_NON_LITERAL_NULL_CONVERSION = YES;
				CLANG_WARN_OBJC_IMPLICIT_RETAIN_SELF = YES;
				CLANG_WARN_OBJC_LITERAL_CONVERSION = YES;
				CLANG_WARN_OBJC_ROOT_CLASS = YES_ERROR;
				CLANG_WARN_QUOTED_INCLUDE_IN_FRAMEWORK_HEADER = YES;
				CLANG_WARN_RANGE_LOOP_ANALYSIS = YES;
				CLANG_WARN_STRICT_PROTOTYPES = YES;
				CLANG_WARN_SUSPICIOUS_MOVE = YES;
				CLANG_WARN_UNGUARDED_AVAILABILITY = YES_AGGRESSIVE;
				CLANG_WARN_UNREACHABLE_CODE = YES;
				CLANG_WARN__DUPLICATE_METHOD_MATCH = YES;
				COPY_PHASE_STRIP = NO;
				DEBUG_INFORMATION_FORMAT = "dwarf-with-dsym";
				ENABLE_NS_ASSERTIONS = NO;
				ENABLE_STRICT_OBJC_MSGSEND = YES;
				GCC_C_LANGUAGE_STANDARD = gnu11;
				GCC_NO_COMMON_BLOCKS = YES;
				GCC_WARN_64_TO_32_BIT_CONVERSION = YES;
				GCC_WARN_ABOUT_RETURN_TYPE = YES_ERROR;
				GCC_WARN_UNDECLARED_SELECTOR = YES;
				GCC_WARN_UNINITIALIZED_AUTOS = YES_AGGRESSIVE;
				GCC_WARN_UNUSED_FUNCTION = YES;
				GCC_WARN_UNUSED_VARIABLE = YES;
				IPHONEOS_DEPLOYMENT_TARGET = 14.4;
				MTL_ENABLE_DEBUG_INFO = NO;
				MTL_FAST_MATH = YES;
				SDKROOT = iphoneos;
				SWIFT_COMPILATION_MODE = wholemodule;
				SWIFT_OPTIMIZATION_LEVEL = "-O";
				VALIDATE_PRODUCT = YES;
			};
			name = Release;
		};
		ACEC0F2F25D94F1F00D52B70 /* Debug */ = {
			isa = XCBuildConfiguration;
			baseConfigurationReference = EE2330CFC7819E2613611A98 /* Pods-UtilityConverter-iOS.debug.xcconfig */;
			buildSettings = {
				ASSETCATALOG_COMPILER_APPICON_NAME = AppIcon;
				ASSETCATALOG_COMPILER_GLOBAL_ACCENT_COLOR_NAME = AccentColor;
				CODE_SIGN_STYLE = Automatic;
				DEVELOPMENT_TEAM = N332CSR3JC;
				INFOPLIST_FILE = "$(SRCROOT)/UtilityConverter-iOS/Supporting Files/Info.plist";
				LD_RUNPATH_SEARCH_PATHS = (
					"$(inherited)",
					"@executable_path/Frameworks",
				);
				PRODUCT_BUNDLE_IDENTIFIER = "Personal.UtilityConverter-iOS";
				PRODUCT_NAME = "$(TARGET_NAME)";
				SWIFT_VERSION = 5.0;
				TARGETED_DEVICE_FAMILY = 1;
			};
			name = Debug;
		};
		ACEC0F3025D94F1F00D52B70 /* Release */ = {
			isa = XCBuildConfiguration;
			baseConfigurationReference = 01EFE381E68D07CD34AEE621 /* Pods-UtilityConverter-iOS.release.xcconfig */;
			buildSettings = {
				ASSETCATALOG_COMPILER_APPICON_NAME = AppIcon;
				ASSETCATALOG_COMPILER_GLOBAL_ACCENT_COLOR_NAME = AccentColor;
				CODE_SIGN_STYLE = Automatic;
				DEVELOPMENT_TEAM = N332CSR3JC;
				INFOPLIST_FILE = "$(SRCROOT)/UtilityConverter-iOS/Supporting Files/Info.plist";
				LD_RUNPATH_SEARCH_PATHS = (
					"$(inherited)",
					"@executable_path/Frameworks",
				);
				PRODUCT_BUNDLE_IDENTIFIER = "Personal.UtilityConverter-iOS";
				PRODUCT_NAME = "$(TARGET_NAME)";
				SWIFT_VERSION = 5.0;
				TARGETED_DEVICE_FAMILY = 1;
			};
			name = Release;
		};
/* End XCBuildConfiguration section */

/* Begin XCConfigurationList section */
		ACEC0F1225D94F1A00D52B70 /* Build configuration list for PBXProject "UtilityConverter-iOS" */ = {
			isa = XCConfigurationList;
			buildConfigurations = (
				ACEC0F2C25D94F1F00D52B70 /* Debug */,
				ACEC0F2D25D94F1F00D52B70 /* Release */,
			);
			defaultConfigurationIsVisible = 0;
			defaultConfigurationName = Release;
		};
		ACEC0F2E25D94F1F00D52B70 /* Build configuration list for PBXNativeTarget "UtilityConverter-iOS" */ = {
			isa = XCConfigurationList;
			buildConfigurations = (
				ACEC0F2F25D94F1F00D52B70 /* Debug */,
				ACEC0F3025D94F1F00D52B70 /* Release */,
			);
			defaultConfigurationIsVisible = 0;
			defaultConfigurationName = Release;
		};
/* End XCConfigurationList section */

/* Begin XCVersionGroup section */
		ACEC0F2325D94F1B00D52B70 /* UtilityConverter_iOS.xcdatamodeld */ = {
			isa = XCVersionGroup;
			children = (
				ACEC0F2425D94F1B00D52B70 /* UtilityConverter_iOS.xcdatamodel */,
			);
			currentVersion = ACEC0F2425D94F1B00D52B70 /* UtilityConverter_iOS.xcdatamodel */;
			path = UtilityConverter_iOS.xcdatamodeld;
			sourceTree = "<group>";
			versionGroupType = wrapper.xcdatamodel;
		};
/* End XCVersionGroup section */
	};
	rootObject = ACEC0F0F25D94F1A00D52B70 /* Project object */;
}
