// !$*UTF8*$!
{
	archiveVersion = 1;
	classes = {
	};
	objectVersion = 50;
	objects = {

/* Begin PBXBuildFile section */
		AC15934525D96894007558C4 /* MainTBC.swift in Sources */ = {isa = PBXBuildFile; fileRef = AC15934425D96894007558C4 /* MainTBC.swift */; };
		AC15934A25D97237007558C4 /* HistoryVC.swift in Sources */ = {isa = PBXBuildFile; fileRef = AC15934925D97237007558C4 /* HistoryVC.swift */; };
		AC15934E25D97250007558C4 /* HistoryVM.swift in Sources */ = {isa = PBXBuildFile; fileRef = AC15934D25D97250007558C4 /* HistoryVM.swift */; };
		AC15935125D97269007558C4 /* HistoryTVC.swift in Sources */ = {isa = PBXBuildFile; fileRef = AC15935025D97269007558C4 /* HistoryTVC.swift */; };
		ACEC0F1B25D94F1B00D52B70 /* AppDelegate.swift in Sources */ = {isa = PBXBuildFile; fileRef = ACEC0F1A25D94F1B00D52B70 /* AppDelegate.swift */; };
		ACEC0F1D25D94F1B00D52B70 /* SceneDelegate.swift in Sources */ = {isa = PBXBuildFile; fileRef = ACEC0F1C25D94F1B00D52B70 /* SceneDelegate.swift */; };
		ACEC0F2225D94F1B00D52B70 /* Main.storyboard in Resources */ = {isa = PBXBuildFile; fileRef = ACEC0F2025D94F1B00D52B70 /* Main.storyboard */; };
		ACEC0F2525D94F1B00D52B70 /* UtilityConverter_iOS.xcdatamodeld in Sources */ = {isa = PBXBuildFile; fileRef = ACEC0F2325D94F1B00D52B70 /* UtilityConverter_iOS.xcdatamodeld */; };
		ACEC0F2725D94F1F00D52B70 /* Assets.xcassets in Resources */ = {isa = PBXBuildFile; fileRef = ACEC0F2625D94F1F00D52B70 /* Assets.xcassets */; };
		ACEC0F2A25D94F1F00D52B70 /* LaunchScreen.storyboard in Resources */ = {isa = PBXBuildFile; fileRef = ACEC0F2825D94F1F00D52B70 /* LaunchScreen.storyboard */; };
		ACEC0F4125D9537900D52B70 /* TabBar.storyboard in Resources */ = {isa = PBXBuildFile; fileRef = ACEC0F4025D9537900D52B70 /* TabBar.storyboard */; };
		ACEC0F4625D95C5400D52B70 /* HomeVC.swift in Sources */ = {isa = PBXBuildFile; fileRef = ACEC0F4525D95C5400D52B70 /* HomeVC.swift */; };
		ACEC0F4A25D95C6700D52B70 /* HomeVM.swift in Sources */ = {isa = PBXBuildFile; fileRef = ACEC0F4925D95C6700D52B70 /* HomeVM.swift */; };
		ACEC0F4D25D95C8000D52B70 /* HomeCVCell.swift in Sources */ = {isa = PBXBuildFile; fileRef = ACEC0F4C25D95C8000D52B70 /* HomeCVCell.swift */; };
/* End PBXBuildFile section */

/* Begin PBXFileReference section */
		AC15934425D96894007558C4 /* MainTBC.swift */ = {isa = PBXFileReference; lastKnownFileType = sourcecode.swift; path = MainTBC.swift; sourceTree = "<group>"; };
		AC15934925D97237007558C4 /* HistoryVC.swift */ = {isa = PBXFileReference; lastKnownFileType = sourcecode.swift; path = HistoryVC.swift; sourceTree = "<group>"; };
		AC15934D25D97250007558C4 /* HistoryVM.swift */ = {isa = PBXFileReference; lastKnownFileType = sourcecode.swift; path = HistoryVM.swift; sourceTree = "<group>"; };
		AC15935025D97269007558C4 /* HistoryTVC.swift */ = {isa = PBXFileReference; lastKnownFileType = sourcecode.swift; path = HistoryTVC.swift; sourceTree = "<group>"; };
		ACEC0F1725D94F1B00D52B70 /* UtilityConverter-iOS.app */ = {isa = PBXFileReference; explicitFileType = wrapper.application; includeInIndex = 0; path = "UtilityConverter-iOS.app"; sourceTree = BUILT_PRODUCTS_DIR; };
		ACEC0F1A25D94F1B00D52B70 /* AppDelegate.swift */ = {isa = PBXFileReference; lastKnownFileType = sourcecode.swift; path = AppDelegate.swift; sourceTree = "<group>"; };
		ACEC0F1C25D94F1B00D52B70 /* SceneDelegate.swift */ = {isa = PBXFileReference; lastKnownFileType = sourcecode.swift; path = SceneDelegate.swift; sourceTree = "<group>"; };
		ACEC0F2125D94F1B00D52B70 /* Base */ = {isa = PBXFileReference; lastKnownFileType = file.storyboard; name = Base; path = Base.lproj/Main.storyboard; sourceTree = "<group>"; };
		ACEC0F2425D94F1B00D52B70 /* UtilityConverter_iOS.xcdatamodel */ = {isa = PBXFileReference; lastKnownFileType = wrapper.xcdatamodel; path = UtilityConverter_iOS.xcdatamodel; sourceTree = "<group>"; };
		ACEC0F2625D94F1F00D52B70 /* Assets.xcassets */ = {isa = PBXFileReference; lastKnownFileType = folder.assetcatalog; path = Assets.xcassets; sourceTree = "<group>"; };
		ACEC0F2925D94F1F00D52B70 /* Base */ = {isa = PBXFileReference; lastKnownFileType = file.storyboard; name = Base; path = Base.lproj/LaunchScreen.storyboard; sourceTree = "<group>"; };
		ACEC0F2B25D94F1F00D52B70 /* Info.plist */ = {isa = PBXFileReference; lastKnownFileType = text.plist.xml; path = Info.plist; sourceTree = "<group>"; };
		ACEC0F4025D9537900D52B70 /* TabBar.storyboard */ = {isa = PBXFileReference; lastKnownFileType = file.storyboard; path = TabBar.storyboard; sourceTree = "<group>"; };
		ACEC0F4525D95C5400D52B70 /* HomeVC.swift */ = {isa = PBXFileReference; lastKnownFileType = sourcecode.swift; path = HomeVC.swift; sourceTree = "<group>"; };
		ACEC0F4925D95C6700D52B70 /* HomeVM.swift */ = {isa = PBXFileReference; lastKnownFileType = sourcecode.swift; path = HomeVM.swift; sourceTree = "<group>"; };
		ACEC0F4C25D95C8000D52B70 /* HomeCVCell.swift */ = {isa = PBXFileReference; lastKnownFileType = sourcecode.swift; path = HomeCVCell.swift; sourceTree = "<group>"; };
/* End PBXFileReference section */

/* Begin PBXFrameworksBuildPhase section */
		ACEC0F1425D94F1B00D52B70 /* Frameworks */ = {
			isa = PBXFrameworksBuildPhase;
			buildActionMask = 2147483647;
			files = (
			);
			runOnlyForDeploymentPostprocessing = 0;
		};
/* End PBXFrameworksBuildPhase section */

/* Begin PBXGroup section */
		AC15934325D9686F007558C4 /* TabBar */ = {
			isa = PBXGroup;
			children = (
				AC15934425D96894007558C4 /* MainTBC.swift */,
			);
			path = TabBar;
			sourceTree = "<group>";
		};
		AC15934825D9721B007558C4 /* History */ = {
			isa = PBXGroup;
			children = (
				AC15934925D97237007558C4 /* HistoryVC.swift */,
				AC15934D25D97250007558C4 /* HistoryVM.swift */,
				AC15935025D97269007558C4 /* HistoryTVC.swift */,
			);
			path = History;
			sourceTree = "<group>";
		};
		ACEC0F0E25D94F1A00D52B70 = {
			isa = PBXGroup;
			children = (
				ACEC0F1925D94F1B00D52B70 /* UtilityConverter-iOS */,
				ACEC0F1825D94F1B00D52B70 /* Products */,
			);
			sourceTree = "<group>";
		};
		ACEC0F1825D94F1B00D52B70 /* Products */ = {
			isa = PBXGroup;
			children = (
				ACEC0F1725D94F1B00D52B70 /* UtilityConverter-iOS.app */,
			);
			name = Products;
			sourceTree = "<group>";
		};
		ACEC0F1925D94F1B00D52B70 /* UtilityConverter-iOS */ = {
			isa = PBXGroup;
			children = (
				ACEC0F3325D94F7800D52B70 /* Application */,
				ACEC0F3425D94F8000D52B70 /* Supporting Files */,
				ACEC0F3525D94F8E00D52B70 /* Storyboard */,
				ACEC0F3625D94F9600D52B70 /* VCs+VMs */,
				ACEC0F3725D94FA200D52B70 /* Utilities */,
			);
			path = "UtilityConverter-iOS";
			sourceTree = "<group>";
		};
		ACEC0F3325D94F7800D52B70 /* Application */ = {
			isa = PBXGroup;
			children = (
				ACEC0F1A25D94F1B00D52B70 /* AppDelegate.swift */,
				ACEC0F1C25D94F1B00D52B70 /* SceneDelegate.swift */,
			);
			path = Application;
			sourceTree = "<group>";
		};
		ACEC0F3425D94F8000D52B70 /* Supporting Files */ = {
			isa = PBXGroup;
			children = (
				ACEC0F2625D94F1F00D52B70 /* Assets.xcassets */,
				ACEC0F2B25D94F1F00D52B70 /* Info.plist */,
				ACEC0F2325D94F1B00D52B70 /* UtilityConverter_iOS.xcdatamodeld */,
			);
			path = "Supporting Files";
			sourceTree = "<group>";
		};
		ACEC0F3525D94F8E00D52B70 /* Storyboard */ = {
			isa = PBXGroup;
			children = (
				ACEC0F2825D94F1F00D52B70 /* LaunchScreen.storyboard */,
				ACEC0F2025D94F1B00D52B70 /* Main.storyboard */,
				ACEC0F4025D9537900D52B70 /* TabBar.storyboard */,
			);
			path = Storyboard;
			sourceTree = "<group>";
		};
		ACEC0F3625D94F9600D52B70 /* VCs+VMs */ = {
			isa = PBXGroup;
			children = (
				AC15934825D9721B007558C4 /* History */,
				ACEC0F4425D95C3D00D52B70 /* Home */,
				AC15934325D9686F007558C4 /* TabBar */,
			);
			path = "VCs+VMs";
			sourceTree = "<group>";
		};
		ACEC0F3725D94FA200D52B70 /* Utilities */ = {
			isa = PBXGroup;
			children = (
			);
			path = Utilities;
			sourceTree = "<group>";
		};
		ACEC0F4425D95C3D00D52B70 /* Home */ = {
			isa = PBXGroup;
			children = (
				ACEC0F4525D95C5400D52B70 /* HomeVC.swift */,
				ACEC0F4925D95C6700D52B70 /* HomeVM.swift */,
				ACEC0F4C25D95C8000D52B70 /* HomeCVCell.swift */,
			);
			path = Home;
			sourceTree = "<group>";
		};
/* End PBXGroup section */

/* Begin PBXNativeTarget section */
		ACEC0F1625D94F1B00D52B70 /* UtilityConverter-iOS */ = {
			isa = PBXNativeTarget;
			buildConfigurationList = ACEC0F2E25D94F1F00D52B70 /* Build configuration list for PBXNativeTarget "UtilityConverter-iOS" */;
			buildPhases = (
				ACEC0F1325D94F1B00D52B70 /* Sources */,
				ACEC0F1425D94F1B00D52B70 /* Frameworks */,
				ACEC0F1525D94F1B00D52B70 /* Resources */,
			);
			buildRules = (
			);
			dependencies = (
			);
			name = "UtilityConverter-iOS";
			productName = "UtilityConverter-iOS";
			productReference = ACEC0F1725D94F1B00D52B70 /* UtilityConverter-iOS.app */;
			productType = "com.apple.product-type.application";
		};
/* End PBXNativeTarget section */

/* Begin PBXProject section */
		ACEC0F0F25D94F1A00D52B70 /* Project object */ = {
			isa = PBXProject;
			attributes = {
				LastSwiftUpdateCheck = 1240;
				LastUpgradeCheck = 1240;
				TargetAttributes = {
					ACEC0F1625D94F1B00D52B70 = {
						CreatedOnToolsVersion = 12.4;
					};
				};
			};
			buildConfigurationList = ACEC0F1225D94F1A00D52B70 /* Build configuration list for PBXProject "UtilityConverter-iOS" */;
			compatibilityVersion = "Xcode 9.3";
			developmentRegion = en;
			hasScannedForEncodings = 0;
			knownRegions = (
				en,
				Base,
			);
			mainGroup = ACEC0F0E25D94F1A00D52B70;
			productRefGroup = ACEC0F1825D94F1B00D52B70 /* Products */;
			projectDirPath = "";
			projectRoot = "";
			targets = (
				ACEC0F1625D94F1B00D52B70 /* UtilityConverter-iOS */,
			);
		};
/* End PBXProject section */

/* Begin PBXResourcesBuildPhase section */
		ACEC0F1525D94F1B00D52B70 /* Resources */ = {
			isa = PBXResourcesBuildPhase;
			buildActionMask = 2147483647;
			files = (
				ACEC0F4125D9537900D52B70 /* TabBar.storyboard in Resources */,
				ACEC0F2A25D94F1F00D52B70 /* LaunchScreen.storyboard in Resources */,
				ACEC0F2725D94F1F00D52B70 /* Assets.xcassets in Resources */,
				ACEC0F2225D94F1B00D52B70 /* Main.storyboard in Resources */,
			);
			runOnlyForDeploymentPostprocessing = 0;
		};
/* End PBXResourcesBuildPhase section */

/* Begin PBXSourcesBuildPhase section */
		ACEC0F1325D94F1B00D52B70 /* Sources */ = {
			isa = PBXSourcesBuildPhase;
			buildActionMask = 2147483647;
			files = (
				AC15935125D97269007558C4 /* HistoryTVC.swift in Sources */,
				ACEC0F2525D94F1B00D52B70 /* UtilityConverter_iOS.xcdatamodeld in Sources */,
				AC15934525D96894007558C4 /* MainTBC.swift in Sources */,
				ACEC0F4A25D95C6700D52B70 /* HomeVM.swift in Sources */,
				ACEC0F4625D95C5400D52B70 /* HomeVC.swift in Sources */,
				ACEC0F1B25D94F1B00D52B70 /* AppDelegate.swift in Sources */,
				AC15934A25D97237007558C4 /* HistoryVC.swift in Sources */,
				ACEC0F1D25D94F1B00D52B70 /* SceneDelegate.swift in Sources */,
				ACEC0F4D25D95C8000D52B70 /* HomeCVCell.swift in Sources */,
				AC15934E25D97250007558C4 /* HistoryVM.swift in Sources */,
			);
			runOnlyForDeploymentPostprocessing = 0;
		};
/* End PBXSourcesBuildPhase section */

/* Begin PBXVariantGroup section */
		ACEC0F2025D94F1B00D52B70 /* Main.storyboard */ = {
			isa = PBXVariantGroup;
			children = (
				ACEC0F2125D94F1B00D52B70 /* Base */,
			);
			name = Main.storyboard;
			sourceTree = "<group>";
		};
		ACEC0F2825D94F1F00D52B70 /* LaunchScreen.storyboard */ = {
			isa = PBXVariantGroup;
			children = (
				ACEC0F2925D94F1F00D52B70 /* Base */,
			);
			name = LaunchScreen.storyboard;
			sourceTree = "<group>";
		};
/* End PBXVariantGroup section */

/* Begin XCBuildConfiguration section */
		ACEC0F2C25D94F1F00D52B70 /* Debug */ = {
			isa = XCBuildConfiguration;
			buildSettings = {
				ALWAYS_SEARCH_USER_PATHS = NO;
				CLANG_ANALYZER_NONNULL = YES;
				CLANG_ANALYZER_NUMBER_OBJECT_CONVERSION = YES_AGGRESSIVE;
				CLANG_CXX_LANGUAGE_STANDARD = "gnu++14";
				CLANG_CXX_LIBRARY = "libc++";
				CLANG_ENABLE_MODULES = YES;
				CLANG_ENABLE_OBJC_ARC = YES;
				CLANG_ENABLE_OBJC_WEAK = YES;
				CLANG_WARN_BLOCK_CAPTURE_AUTORELEASING = YES;
				CLANG_WARN_BOOL_CONVERSION = YES;
				CLANG_WARN_COMMA = YES;
				CLANG_WARN_CONSTANT_CONVERSION = YES;
				CLANG_WARN_DEPRECATED_OBJC_IMPLEMENTATIONS = YES;
				CLANG_WARN_DIRECT_OBJC_ISA_USAGE = YES_ERROR;
				CLANG_WARN_DOCUMENTATION_COMMENTS = YES;
				CLANG_WARN_EMPTY_BODY = YES;
				CLANG_WARN_ENUM_CONVERSION = YES;
				CLANG_WARN_INFINITE_RECURSION = YES;
				CLANG_WARN_INT_CONVERSION = YES;
				CLANG_WARN_NON_LITERAL_NULL_CONVERSION = YES;
				CLANG_WARN_OBJC_IMPLICIT_RETAIN_SELF = YES;
				CLANG_WARN_OBJC_LITERAL_CONVERSION = YES;
				CLANG_WARN_OBJC_ROOT_CLASS = YES_ERROR;
				CLANG_WARN_QUOTED_INCLUDE_IN_FRAMEWORK_HEADER = YES;
				CLANG_WARN_RANGE_LOOP_ANALYSIS = YES;
				CLANG_WARN_STRICT_PROTOTYPES = YES;
				CLANG_WARN_SUSPICIOUS_MOVE = YES;
				CLANG_WARN_UNGUARDED_AVAILABILITY = YES_AGGRESSIVE;
				CLANG_WARN_UNREACHABLE_CODE = YES;
				CLANG_WARN__DUPLICATE_METHOD_MATCH = YES;
				COPY_PHASE_STRIP = NO;
				DEBUG_INFORMATION_FORMAT = dwarf;
				ENABLE_STRICT_OBJC_MSGSEND = YES;
				ENABLE_TESTABILITY = YES;
				GCC_C_LANGUAGE_STANDARD = gnu11;
				GCC_DYNAMIC_NO_PIC = NO;
				GCC_NO_COMMON_BLOCKS = YES;
				GCC_OPTIMIZATION_LEVEL = 0;
				GCC_PREPROCESSOR_DEFINITIONS = (
					"DEBUG=1",
					"$(inherited)",
				);
				GCC_WARN_64_TO_32_BIT_CONVERSION = YES;
				GCC_WARN_ABOUT_RETURN_TYPE = YES_ERROR;
				GCC_WARN_UNDECLARED_SELECTOR = YES;
				GCC_WARN_UNINITIALIZED_AUTOS = YES_AGGRESSIVE;
				GCC_WARN_UNUSED_FUNCTION = YES;
				GCC_WARN_UNUSED_VARIABLE = YES;
				IPHONEOS_DEPLOYMENT_TARGET = 14.4;
				MTL_ENABLE_DEBUG_INFO = INCLUDE_SOURCE;
				MTL_FAST_MATH = YES;
				ONLY_ACTIVE_ARCH = YES;
				SDKROOT = iphoneos;
				SWIFT_ACTIVE_COMPILATION_CONDITIONS = DEBUG;
				SWIFT_OPTIMIZATION_LEVEL = "-Onone";
			};
			name = Debug;
		};
		ACEC0F2D25D94F1F00D52B70 /* Release */ = {
			isa = XCBuildConfiguration;
			buildSettings = {
				ALWAYS_SEARCH_USER_PATHS = NO;
				CLANG_ANALYZER_NONNULL = YES;
				CLANG_ANALYZER_NUMBER_OBJECT_CONVERSION = YES_AGGRESSIVE;
				CLANG_CXX_LANGUAGE_STANDARD = "gnu++14";
				CLANG_CXX_LIBRARY = "libc++";
				CLANG_ENABLE_MODULES = YES;
				CLANG_ENABLE_OBJC_ARC = YES;
				CLANG_ENABLE_OBJC_WEAK = YES;
				CLANG_WARN_BLOCK_CAPTURE_AUTORELEASING = YES;
				CLANG_WARN_BOOL_CONVERSION = YES;
				CLANG_WARN_COMMA = YES;
				CLANG_WARN_CONSTANT_CONVERSION = YES;
				CLANG_WARN_DEPRECATED_OBJC_IMPLEMENTATIONS = YES;
				CLANG_WARN_DIRECT_OBJC_ISA_USAGE = YES_ERROR;
				CLANG_WARN_DOCUMENTATION_COMMENTS = YES;
				CLANG_WARN_EMPTY_BODY = YES;
				CLANG_WARN_ENUM_CONVERSION = YES;
				CLANG_WARN_INFINITE_RECURSION = YES;
				CLANG_WARN_INT_CONVERSION = YES;
				CLANG_WARN_NON_LITERAL_NULL_CONVERSION = YES;
				CLANG_WARN_OBJC_IMPLICIT_RETAIN_SELF = YES;
				CLANG_WARN_OBJC_LITERAL_CONVERSION = YES;
				CLANG_WARN_OBJC_ROOT_CLASS = YES_ERROR;
				CLANG_WARN_QUOTED_INCLUDE_IN_FRAMEWORK_HEADER = YES;
				CLANG_WARN_RANGE_LOOP_ANALYSIS = YES;
				CLANG_WARN_STRICT_PROTOTYPES = YES;
				CLANG_WARN_SUSPICIOUS_MOVE = YES;
				CLANG_WARN_UNGUARDED_AVAILABILITY = YES_AGGRESSIVE;
				CLANG_WARN_UNREACHABLE_CODE = YES;
				CLANG_WARN__DUPLICATE_METHOD_MATCH = YES;
				COPY_PHASE_STRIP = NO;
				DEBUG_INFORMATION_FORMAT = "dwarf-with-dsym";
				ENABLE_NS_ASSERTIONS = NO;
				ENABLE_STRICT_OBJC_MSGSEND = YES;
				GCC_C_LANGUAGE_STANDARD = gnu11;
				GCC_NO_COMMON_BLOCKS = YES;
				GCC_WARN_64_TO_32_BIT_CONVERSION = YES;
				GCC_WARN_ABOUT_RETURN_TYPE = YES_ERROR;
				GCC_WARN_UNDECLARED_SELECTOR = YES;
				GCC_WARN_UNINITIALIZED_AUTOS = YES_AGGRESSIVE;
				GCC_WARN_UNUSED_FUNCTION = YES;
				GCC_WARN_UNUSED_VARIABLE = YES;
				IPHONEOS_DEPLOYMENT_TARGET = 14.4;
				MTL_ENABLE_DEBUG_INFO = NO;
				MTL_FAST_MATH = YES;
				SDKROOT = iphoneos;
				SWIFT_COMPILATION_MODE = wholemodule;
				SWIFT_OPTIMIZATION_LEVEL = "-O";
				VALIDATE_PRODUCT = YES;
			};
			name = Release;
		};
		ACEC0F2F25D94F1F00D52B70 /* Debug */ = {
			isa = XCBuildConfiguration;
			buildSettings = {
				ASSETCATALOG_COMPILER_APPICON_NAME = AppIcon;
				ASSETCATALOG_COMPILER_GLOBAL_ACCENT_COLOR_NAME = AccentColor;
				CODE_SIGN_STYLE = Automatic;
				DEVELOPMENT_TEAM = N332CSR3JC;
				INFOPLIST_FILE = "$(SRCROOT)/UtilityConverter-iOS/Supporting Files/Info.plist";
				LD_RUNPATH_SEARCH_PATHS = (
					"$(inherited)",
					"@executable_path/Frameworks",
				);
				PRODUCT_BUNDLE_IDENTIFIER = "Personal.UtilityConverter-iOS";
				PRODUCT_NAME = "$(TARGET_NAME)";
				SWIFT_VERSION = 5.0;
				TARGETED_DEVICE_FAMILY = "1,2";
			};
			name = Debug;
		};
		ACEC0F3025D94F1F00D52B70 /* Release */ = {
			isa = XCBuildConfiguration;
			buildSettings = {
				ASSETCATALOG_COMPILER_APPICON_NAME = AppIcon;
				ASSETCATALOG_COMPILER_GLOBAL_ACCENT_COLOR_NAME = AccentColor;
				CODE_SIGN_STYLE = Automatic;
				DEVELOPMENT_TEAM = N332CSR3JC;
				INFOPLIST_FILE = "$(SRCROOT)/UtilityConverter-iOS/Supporting Files/Info.plist";
				LD_RUNPATH_SEARCH_PATHS = (
					"$(inherited)",
					"@executable_path/Frameworks",
				);
				PRODUCT_BUNDLE_IDENTIFIER = "Personal.UtilityConverter-iOS";
				PRODUCT_NAME = "$(TARGET_NAME)";
				SWIFT_VERSION = 5.0;
				TARGETED_DEVICE_FAMILY = "1,2";
			};
			name = Release;
		};
/* End XCBuildConfiguration section */

/* Begin XCConfigurationList section */
		ACEC0F1225D94F1A00D52B70 /* Build configuration list for PBXProject "UtilityConverter-iOS" */ = {
			isa = XCConfigurationList;
			buildConfigurations = (
				ACEC0F2C25D94F1F00D52B70 /* Debug */,
				ACEC0F2D25D94F1F00D52B70 /* Release */,
			);
			defaultConfigurationIsVisible = 0;
			defaultConfigurationName = Release;
		};
		ACEC0F2E25D94F1F00D52B70 /* Build configuration list for PBXNativeTarget "UtilityConverter-iOS" */ = {
			isa = XCConfigurationList;
			buildConfigurations = (
				ACEC0F2F25D94F1F00D52B70 /* Debug */,
				ACEC0F3025D94F1F00D52B70 /* Release */,
			);
			defaultConfigurationIsVisible = 0;
			defaultConfigurationName = Release;
		};
/* End XCConfigurationList section */

/* Begin XCVersionGroup section */
		ACEC0F2325D94F1B00D52B70 /* UtilityConverter_iOS.xcdatamodeld */ = {
			isa = XCVersionGroup;
			children = (
				ACEC0F2425D94F1B00D52B70 /* UtilityConverter_iOS.xcdatamodel */,
			);
			currentVersion = ACEC0F2425D94F1B00D52B70 /* UtilityConverter_iOS.xcdatamodel */;
			path = UtilityConverter_iOS.xcdatamodeld;
			sourceTree = "<group>";
			versionGroupType = wrapper.xcdatamodel;
		};
/* End XCVersionGroup section */
	};
	rootObject = ACEC0F0F25D94F1A00D52B70 /* Project object */;
}
